
Microsoft Visual Studio Solution File, Format Version 12.00
# Visual Studio Version 17
VisualStudioVersion = 17.2.32526.322
MinimumVisualStudioVersion = 10.0.40219.1
Project("{FAE04EC0-301F-11D3-BF4B-00C04F79EFBC}") = "Salary incre", "Homework 30.1.2023\Salary incre.csproj", "{71BDACDA-B7D4-435C-98B5-564F808D1508}"
EndProject
Project("{FAE04EC0-301F-11D3-BF4B-00C04F79EFBC}") = "Softperson", "Salary\Softperson.csproj", "{213A5767-5988-41B5-8384-A036E0A9ED74}"
EndProject
Project("{FAE04EC0-301F-11D3-BF4B-00C04F79EFBC}") = "Validation", "Validation\Validation.csproj", "{7EC84D96-98FC-434B-A116-456D8754993F}"
EndProject
Project("{FAE04EC0-301F-11D3-BF4B-00C04F79EFBC}") = "Team", "Team\Team.csproj", "{86824DFA-50B0-4E75-818E-ADE2AFD2231A}"
EndProject
Global
	GlobalSection(SolutionConfigurationPlatforms) = preSolution
		Debug|Any CPU = Debug|Any CPU
		Release|Any CPU = Release|Any CPU
	EndGlobalSection
	GlobalSection(ProjectConfigurationPlatforms) = postSolution
		{71BDACDA-B7D4-435C-98B5-564F808D1508}.Debug|Any CPU.ActiveCfg = Debug|Any CPU
		{71BDACDA-B7D4-435C-98B5-564F808D1508}.Debug|Any CPU.Build.0 = Debug|Any CPU
		{71BDACDA-B7D4-435C-98B5-564F808D1508}.Release|Any CPU.ActiveCfg = Release|Any CPU
		{71BDACDA-B7D4-435C-98B5-564F808D1508}.Release|Any CPU.Build.0 = Release|Any CPU
		{213A5767-5988-41B5-8384-A036E0A9ED74}.Debug|Any CPU.ActiveCfg = Debug|Any CPU
		{213A5767-5988-41B5-8384-A036E0A9ED74}.Debug|Any CPU.Build.0 = Debug|Any CPU
		{213A5767-5988-41B5-8384-A036E0A9ED74}.Release|Any CPU.ActiveCfg = Release|Any CPU
		{213A5767-5988-41B5-8384-A036E0A9ED74}.Release|Any CPU.Build.0 = Release|Any CPU
		{7EC84D96-98FC-434B-A116-456D8754993F}.Debug|Any CPU.ActiveCfg = Debug|Any CPU
		{7EC84D96-98FC-434B-A116-456D8754993F}.Debug|Any CPU.Build.0 = Debug|Any CPU
		{7EC84D96-98FC-434B-A116-456D8754993F}.Release|Any CPU.ActiveCfg = Release|Any CPU
		{7EC84D96-98FC-434B-A116-456D8754993F}.Release|Any CPU.Build.0 = Release|Any CPU
		{86824DFA-50B0-4E75-818E-ADE2AFD2231A}.Debug|Any CPU.ActiveCfg = Debug|Any CPU
		{86824DFA-50B0-4E75-818E-ADE2AFD2231A}.Debug|Any CPU.Build.0 = Debug|Any CPU
		{86824DFA-50B0-4E75-818E-ADE2AFD2231A}.Release|Any CPU.ActiveCfg = Release|Any CPU
		{86824DFA-50B0-4E75-818E-ADE2AFD2231A}.Release|Any CPU.Build.0 = Release|Any CPU
	EndGlobalSection
	GlobalSection(SolutionProperties) = preSolution
		HideSolutionNode = FALSE
	EndGlobalSection
	GlobalSection(ExtensibilityGlobals) = postSolution
		SolutionGuid = {9CBF5ED1-6706-4C53-B5C8-C826A1F17D72}
	EndGlobalSection
EndGlobal
